
Microsoft Visual Studio Solution File, Format Version 12.00
# Visual Studio 15
VisualStudioVersion = 15.0.28307.852
MinimumVisualStudioVersion = 10.0.40219.1
Project("{F184B08F-C81C-45F6-A57F-5ABD9991F28F}") = "SocketClientForm", "SocketClientForm\SocketClientForm.vbproj", "{FA52D2FC-AE44-4242-ABE0-250EDA3153F8}"
EndProject
Global
	GlobalSection(SolutionConfigurationPlatforms) = preSolution
		Debug|Any CPU = Debug|Any CPU
		Release|Any CPU = Release|Any CPU
	EndGlobalSection
	GlobalSection(ProjectConfigurationPlatforms) = postSolution
		{FA52D2FC-AE44-4242-ABE0-250EDA3153F8}.Debug|Any CPU.ActiveCfg = Debug|Any CPU
		{FA52D2FC-AE44-4242-ABE0-250EDA3153F8}.Debug|Any CPU.Build.0 = Debug|Any CPU
		{FA52D2FC-AE44-4242-ABE0-250EDA3153F8}.Release|Any CPU.ActiveCfg = Release|Any CPU
		{FA52D2FC-AE44-4242-ABE0-250EDA3153F8}.Release|Any CPU.Build.0 = Release|Any CPU
	EndGlobalSection
	GlobalSection(SolutionProperties) = preSolution
		HideSolutionNode = FALSE
	EndGlobalSection
	GlobalSection(ExtensibilityGlobals) = postSolution
		SolutionGuid = {259340A7-7112-46E3-8ECB-7F01301FCA75}
	EndGlobalSection
EndGlobal
